// !$*UTF8*$!
{
	archiveVersion = 1;
	classes = {
	};
	objectVersion = 51;
	objects = {

/* Begin PBXBuildFile section */
		69B0929525ECBF8300FCEDBD /* UtilExtension.swift in Sources */ = {isa = PBXBuildFile; fileRef = 69B0929425ECBF8300FCEDBD /* UtilExtension.swift */; };
		69B0929725ECC3D800FCEDBD /* AutoViewController.swift in Sources */ = {isa = PBXBuildFile; fileRef = 69B0929625ECC3D800FCEDBD /* AutoViewController.swift */; };
		69B7AC7725E37A5D00C864EC /* AppDelegate.swift in Sources */ = {isa = PBXBuildFile; fileRef = 69B7AC7625E37A5D00C864EC /* AppDelegate.swift */; };
		69B7AC7925E37A5D00C864EC /* ViewController.swift in Sources */ = {isa = PBXBuildFile; fileRef = 69B7AC7825E37A5D00C864EC /* ViewController.swift */; };
		69B7AC7C25E37A5D00C864EC /* Main.storyboard in Resources */ = {isa = PBXBuildFile; fileRef = 69B7AC7A25E37A5D00C864EC /* Main.storyboard */; };
		69B7AC7E25E37A5E00C864EC /* Assets.xcassets in Resources */ = {isa = PBXBuildFile; fileRef = 69B7AC7D25E37A5E00C864EC /* Assets.xcassets */; };
		69B7AC8125E37A5E00C864EC /* LaunchScreen.storyboard in Resources */ = {isa = PBXBuildFile; fileRef = 69B7AC7F25E37A5E00C864EC /* LaunchScreen.storyboard */; };
		69C1130325E8C9F800E9CA9B /* iOSTutorial.xcdatamodeld in Sources */ = {isa = PBXBuildFile; fileRef = 69C1130125E8C9F800E9CA9B /* iOSTutorial.xcdatamodeld */; };
		69C1130525E8CCBA00E9CA9B /* CoreDataViewController.swift in Sources */ = {isa = PBXBuildFile; fileRef = 69C1130425E8CCBA00E9CA9B /* CoreDataViewController.swift */; };
		69DF06C925E6255F003690B8 /* CustomTableCell.swift in Sources */ = {isa = PBXBuildFile; fileRef = 69DF06C825E6255F003690B8 /* CustomTableCell.swift */; };
		69DF06CB25E62C82003690B8 /* Util.swift in Sources */ = {isa = PBXBuildFile; fileRef = 69DF06CA25E62C82003690B8 /* Util.swift */; };
		69DF06CD25E630D9003690B8 /* FourthViewController.swift in Sources */ = {isa = PBXBuildFile; fileRef = 69DF06CC25E630D9003690B8 /* FourthViewController.swift */; };
		69DF06CF25E6311D003690B8 /* CustomGridCell.swift in Sources */ = {isa = PBXBuildFile; fileRef = 69DF06CE25E6311D003690B8 /* CustomGridCell.swift */; };
		69DF06D725E76F3A003690B8 /* FifthViewController.swift in Sources */ = {isa = PBXBuildFile; fileRef = 69DF06D625E76F3A003690B8 /* FifthViewController.swift */; };
		69DF06D925E77636003690B8 /* User.swift in Sources */ = {isa = PBXBuildFile; fileRef = 69DF06D825E77636003690B8 /* User.swift */; };
		69E2A57B25F2048700F576E6 /* MapsViewController.swift in Sources */ = {isa = PBXBuildFile; fileRef = 69E2A57A25F2048700F576E6 /* MapsViewController.swift */; };
		69E2A58325F5F23C00F576E6 /* AVFoundation.framework in Frameworks */ = {isa = PBXBuildFile; fileRef = 69E2A58225F5F23B00F576E6 /* AVFoundation.framework */; };
		69E2A58525F5F24300F576E6 /* AVKit.framework in Frameworks */ = {isa = PBXBuildFile; fileRef = 69E2A58425F5F24300F576E6 /* AVKit.framework */; };
		69E2A58725F5F27800F576E6 /* AudioVideoViewController.swift in Sources */ = {isa = PBXBuildFile; fileRef = 69E2A58625F5F27800F576E6 /* AudioVideoViewController.swift */; };
		69E2A58925F5F3F500F576E6 /* MittiDiKhushboo.mp3 in Resources */ = {isa = PBXBuildFile; fileRef = 69E2A58825F5F3F500F576E6 /* MittiDiKhushboo.mp3 */; };
		69F6B71525E38191003A5FFA /* SecondViewController.swift in Sources */ = {isa = PBXBuildFile; fileRef = 69F6B71425E38191003A5FFA /* SecondViewController.swift */; };
		69F6B71725E3841B003A5FFA /* ThirdViewController.swift in Sources */ = {isa = PBXBuildFile; fileRef = 69F6B71625E3841B003A5FFA /* ThirdViewController.swift */; };
		69F6B72325E4CF5B003A5FFA /* Person2.swift in Sources */ = {isa = PBXBuildFile; fileRef = 69F6B72225E4CF5B003A5FFA /* Person2.swift */; };
		69F6B72725E4D4A5003A5FFA /* DelegateDemo.swift in Sources */ = {isa = PBXBuildFile; fileRef = 69F6B72625E4D4A5003A5FFA /* DelegateDemo.swift */; };
		6F465F41E5AB8775B10735B1 /* Pods_iOSTutorial.framework in Frameworks */ = {isa = PBXBuildFile; fileRef = 97BA0D5C667E7CF59346B7D7 /* Pods_iOSTutorial.framework */; };
/* End PBXBuildFile section */

/* Begin PBXFileReference section */
		4E593E98ED1B0A04BA682198 /* Pods-iOSTutorial.debug.xcconfig */ = {isa = PBXFileReference; includeInIndex = 1; lastKnownFileType = text.xcconfig; name = "Pods-iOSTutorial.debug.xcconfig"; path = "Target Support Files/Pods-iOSTutorial/Pods-iOSTutorial.debug.xcconfig"; sourceTree = "<group>"; };
		69B0929425ECBF8300FCEDBD /* UtilExtension.swift */ = {isa = PBXFileReference; lastKnownFileType = sourcecode.swift; path = UtilExtension.swift; sourceTree = "<group>"; };
		69B0929625ECC3D800FCEDBD /* AutoViewController.swift */ = {isa = PBXFileReference; lastKnownFileType = sourcecode.swift; path = AutoViewController.swift; sourceTree = "<group>"; };
		69B0929925EFB20A00FCEDBD /* SwiftKeychainWrapper.framework */ = {isa = PBXFileReference; explicitFileType = wrapper.framework; path = SwiftKeychainWrapper.framework; sourceTree = BUILT_PRODUCTS_DIR; };
		69B0929B25EFB60500FCEDBD /* iOSTutorial.entitlements */ = {isa = PBXFileReference; lastKnownFileType = text.plist.entitlements; path = iOSTutorial.entitlements; sourceTree = "<group>"; };
		69B7AC7325E37A5D00C864EC /* iOSTutorial.app */ = {isa = PBXFileReference; explicitFileType = wrapper.application; includeInIndex = 0; path = iOSTutorial.app; sourceTree = BUILT_PRODUCTS_DIR; };
		69B7AC7625E37A5D00C864EC /* AppDelegate.swift */ = {isa = PBXFileReference; lastKnownFileType = sourcecode.swift; path = AppDelegate.swift; sourceTree = "<group>"; };
		69B7AC7825E37A5D00C864EC /* ViewController.swift */ = {isa = PBXFileReference; lastKnownFileType = sourcecode.swift; path = ViewController.swift; sourceTree = "<group>"; };
		69B7AC7B25E37A5D00C864EC /* Base */ = {isa = PBXFileReference; lastKnownFileType = file.storyboard; name = Base; path = Base.lproj/Main.storyboard; sourceTree = "<group>"; };
		69B7AC7D25E37A5E00C864EC /* Assets.xcassets */ = {isa = PBXFileReference; lastKnownFileType = folder.assetcatalog; path = Assets.xcassets; sourceTree = "<group>"; };
		69B7AC8025E37A5E00C864EC /* Base */ = {isa = PBXFileReference; lastKnownFileType = file.storyboard; name = Base; path = Base.lproj/LaunchScreen.storyboard; sourceTree = "<group>"; };
		69B7AC8225E37A5E00C864EC /* Info.plist */ = {isa = PBXFileReference; lastKnownFileType = text.plist.xml; path = Info.plist; sourceTree = "<group>"; };
		69C1130225E8C9F800E9CA9B /* iOSTutorial.xcdatamodel */ = {isa = PBXFileReference; lastKnownFileType = wrapper.xcdatamodel; path = iOSTutorial.xcdatamodel; sourceTree = "<group>"; };
		69C1130425E8CCBA00E9CA9B /* CoreDataViewController.swift */ = {isa = PBXFileReference; lastKnownFileType = sourcecode.swift; path = CoreDataViewController.swift; sourceTree = "<group>"; };
		69DF06C825E6255F003690B8 /* CustomTableCell.swift */ = {isa = PBXFileReference; lastKnownFileType = sourcecode.swift; path = CustomTableCell.swift; sourceTree = "<group>"; };
		69DF06CA25E62C82003690B8 /* Util.swift */ = {isa = PBXFileReference; lastKnownFileType = sourcecode.swift; path = Util.swift; sourceTree = "<group>"; };
		69DF06CC25E630D9003690B8 /* FourthViewController.swift */ = {isa = PBXFileReference; lastKnownFileType = sourcecode.swift; path = FourthViewController.swift; sourceTree = "<group>"; };
		69DF06CE25E6311D003690B8 /* CustomGridCell.swift */ = {isa = PBXFileReference; lastKnownFileType = sourcecode.swift; path = CustomGridCell.swift; sourceTree = "<group>"; };
		69DF06D625E76F3A003690B8 /* FifthViewController.swift */ = {isa = PBXFileReference; lastKnownFileType = sourcecode.swift; path = FifthViewController.swift; sourceTree = "<group>"; };
		69DF06D825E77636003690B8 /* User.swift */ = {isa = PBXFileReference; lastKnownFileType = sourcecode.swift; path = User.swift; sourceTree = "<group>"; };
		69DF06DA25E779F5003690B8 /* Alamofire.framework */ = {isa = PBXFileReference; explicitFileType = wrapper.framework; path = Alamofire.framework; sourceTree = BUILT_PRODUCTS_DIR; };
		69E2A57A25F2048700F576E6 /* MapsViewController.swift */ = {isa = PBXFileReference; lastKnownFileType = sourcecode.swift; path = MapsViewController.swift; sourceTree = "<group>"; };
		69E2A58225F5F23B00F576E6 /* AVFoundation.framework */ = {isa = PBXFileReference; lastKnownFileType = wrapper.framework; name = AVFoundation.framework; path = System/Library/Frameworks/AVFoundation.framework; sourceTree = SDKROOT; };
		69E2A58425F5F24300F576E6 /* AVKit.framework */ = {isa = PBXFileReference; lastKnownFileType = wrapper.framework; name = AVKit.framework; path = System/Library/Frameworks/AVKit.framework; sourceTree = SDKROOT; };
		69E2A58625F5F27800F576E6 /* AudioVideoViewController.swift */ = {isa = PBXFileReference; lastKnownFileType = sourcecode.swift; path = AudioVideoViewController.swift; sourceTree = "<group>"; };
		69E2A58825F5F3F500F576E6 /* MittiDiKhushboo.mp3 */ = {isa = PBXFileReference; lastKnownFileType = audio.mp3; path = MittiDiKhushboo.mp3; sourceTree = "<group>"; };
		69F6B71425E38191003A5FFA /* SecondViewController.swift */ = {isa = PBXFileReference; lastKnownFileType = sourcecode.swift; path = SecondViewController.swift; sourceTree = "<group>"; };
		69F6B71625E3841B003A5FFA /* ThirdViewController.swift */ = {isa = PBXFileReference; lastKnownFileType = sourcecode.swift; path = ThirdViewController.swift; sourceTree = "<group>"; };
		69F6B71825E3A818003A5FFA /* SwiftyJSON.framework */ = {isa = PBXFileReference; explicitFileType = wrapper.framework; path = SwiftyJSON.framework; sourceTree = BUILT_PRODUCTS_DIR; };
		69F6B71A25E3A81B003A5FFA /* Alamofire.framework */ = {isa = PBXFileReference; explicitFileType = wrapper.framework; path = Alamofire.framework; sourceTree = BUILT_PRODUCTS_DIR; };
		69F6B72225E4CF5B003A5FFA /* Person2.swift */ = {isa = PBXFileReference; lastKnownFileType = sourcecode.swift; path = Person2.swift; sourceTree = "<group>"; };
		69F6B72625E4D4A5003A5FFA /* DelegateDemo.swift */ = {isa = PBXFileReference; lastKnownFileType = sourcecode.swift; path = DelegateDemo.swift; sourceTree = "<group>"; };
		97BA0D5C667E7CF59346B7D7 /* Pods_iOSTutorial.framework */ = {isa = PBXFileReference; explicitFileType = wrapper.framework; includeInIndex = 0; path = Pods_iOSTutorial.framework; sourceTree = BUILT_PRODUCTS_DIR; };
		C9A68B32F9682B1222951130 /* Pods-iOSTutorial.release.xcconfig */ = {isa = PBXFileReference; includeInIndex = 1; lastKnownFileType = text.xcconfig; name = "Pods-iOSTutorial.release.xcconfig"; path = "Target Support Files/Pods-iOSTutorial/Pods-iOSTutorial.release.xcconfig"; sourceTree = "<group>"; };
/* End PBXFileReference section */

/* Begin PBXFrameworksBuildPhase section */
		69B7AC7025E37A5D00C864EC /* Frameworks */ = {
			isa = PBXFrameworksBuildPhase;
			buildActionMask = 2147483647;
			files = (
				69E2A58525F5F24300F576E6 /* AVKit.framework in Frameworks */,
				69E2A58325F5F23C00F576E6 /* AVFoundation.framework in Frameworks */,
				6F465F41E5AB8775B10735B1 /* Pods_iOSTutorial.framework in Frameworks */,
			);
			runOnlyForDeploymentPostprocessing = 0;
		};
/* End PBXFrameworksBuildPhase section */

/* Begin PBXGroup section */
		0A8137D989F128FD6442BD2D /* Pods */ = {
			isa = PBXGroup;
			children = (
				4E593E98ED1B0A04BA682198 /* Pods-iOSTutorial.debug.xcconfig */,
				C9A68B32F9682B1222951130 /* Pods-iOSTutorial.release.xcconfig */,
			);
			path = Pods;
			sourceTree = "<group>";
		};
		69B7AC6A25E37A5D00C864EC = {
			isa = PBXGroup;
			children = (
				69B7AC7525E37A5D00C864EC /* iOSTutorial */,
				69B7AC7425E37A5D00C864EC /* Products */,
				0A8137D989F128FD6442BD2D /* Pods */,
				BEE63DE1249659A50A51880A /* Frameworks */,
			);
			sourceTree = "<group>";
		};
		69B7AC7425E37A5D00C864EC /* Products */ = {
			isa = PBXGroup;
			children = (
				69B7AC7325E37A5D00C864EC /* iOSTutorial.app */,
			);
			name = Products;
			sourceTree = "<group>";
		};
		69B7AC7525E37A5D00C864EC /* iOSTutorial */ = {
			isa = PBXGroup;
			children = (
				69E2A58825F5F3F500F576E6 /* MittiDiKhushboo.mp3 */,
				69B0929B25EFB60500FCEDBD /* iOSTutorial.entitlements */,
				69B7AC7625E37A5D00C864EC /* AppDelegate.swift */,
				69B7AC7825E37A5D00C864EC /* ViewController.swift */,
				69F6B71425E38191003A5FFA /* SecondViewController.swift */,
				69F6B71625E3841B003A5FFA /* ThirdViewController.swift */,
				69DF06CC25E630D9003690B8 /* FourthViewController.swift */,
				69DF06D625E76F3A003690B8 /* FifthViewController.swift */,
				69B0929625ECC3D800FCEDBD /* AutoViewController.swift */,
				69C1130425E8CCBA00E9CA9B /* CoreDataViewController.swift */,
				69DF06C825E6255F003690B8 /* CustomTableCell.swift */,
				69DF06CE25E6311D003690B8 /* CustomGridCell.swift */,
				69B7AC7A25E37A5D00C864EC /* Main.storyboard */,
				69B7AC7D25E37A5E00C864EC /* Assets.xcassets */,
				69B7AC7F25E37A5E00C864EC /* LaunchScreen.storyboard */,
				69B7AC8225E37A5E00C864EC /* Info.plist */,
				69F6B72225E4CF5B003A5FFA /* Person2.swift */,
				69F6B72625E4D4A5003A5FFA /* DelegateDemo.swift */,
				69DF06CA25E62C82003690B8 /* Util.swift */,
				69DF06D825E77636003690B8 /* User.swift */,
				69C1130125E8C9F800E9CA9B /* iOSTutorial.xcdatamodeld */,
				69B0929425ECBF8300FCEDBD /* UtilExtension.swift */,
				69E2A57A25F2048700F576E6 /* MapsViewController.swift */,
				69E2A58625F5F27800F576E6 /* AudioVideoViewController.swift */,
			);
			path = iOSTutorial;
			sourceTree = "<group>";
		};
		BEE63DE1249659A50A51880A /* Frameworks */ = {
			isa = PBXGroup;
			children = (
				69E2A58425F5F24300F576E6 /* AVKit.framework */,
				69E2A58225F5F23B00F576E6 /* AVFoundation.framework */,
				69B0929925EFB20A00FCEDBD /* SwiftKeychainWrapper.framework */,
				69DF06DA25E779F5003690B8 /* Alamofire.framework */,
				69F6B71A25E3A81B003A5FFA /* Alamofire.framework */,
				69F6B71825E3A818003A5FFA /* SwiftyJSON.framework */,
				97BA0D5C667E7CF59346B7D7 /* Pods_iOSTutorial.framework */,
			);
			name = Frameworks;
			sourceTree = "<group>";
		};
/* End PBXGroup section */

/* Begin PBXNativeTarget section */
		69B7AC7225E37A5D00C864EC /* iOSTutorial */ = {
			isa = PBXNativeTarget;
			buildConfigurationList = 69B7AC8525E37A5E00C864EC /* Build configuration list for PBXNativeTarget "iOSTutorial" */;
			buildPhases = (
				88A14F1BF82973C81C02B1F0 /* [CP] Check Pods Manifest.lock */,
				69B7AC6F25E37A5D00C864EC /* Sources */,
				69B7AC7025E37A5D00C864EC /* Frameworks */,
				69B7AC7125E37A5D00C864EC /* Resources */,
				EB74729941F0D4AC2DF1F676 /* [CP] Embed Pods Frameworks */,
			);
			buildRules = (
			);
			dependencies = (
			);
			name = iOSTutorial;
			productName = iOSTutorial;
			productReference = 69B7AC7325E37A5D00C864EC /* iOSTutorial.app */;
			productType = "com.apple.product-type.application";
		};
/* End PBXNativeTarget section */

/* Begin PBXProject section */
		69B7AC6B25E37A5D00C864EC /* Project object */ = {
			isa = PBXProject;
			attributes = {
				LastSwiftUpdateCheck = 1010;
				LastUpgradeCheck = 1010;
				ORGANIZATIONNAME = Expleo;
				TargetAttributes = {
					69B7AC7225E37A5D00C864EC = {
						CreatedOnToolsVersion = 10.1;
						LastSwiftMigration = 1010;
						SystemCapabilities = {
							com.apple.BackgroundModes = {
								enabled = 1;
							};
							com.apple.Keychain = {
								enabled = 1;
							};
						};
					};
				};
			};
			buildConfigurationList = 69B7AC6E25E37A5D00C864EC /* Build configuration list for PBXProject "iOSTutorial" */;
			compatibilityVersion = "Xcode 9.3";
			developmentRegion = en;
			hasScannedForEncodings = 0;
			knownRegions = (
				en,
				Base,
			);
			mainGroup = 69B7AC6A25E37A5D00C864EC;
			productRefGroup = 69B7AC7425E37A5D00C864EC /* Products */;
			projectDirPath = "";
			projectRoot = "";
			targets = (
				69B7AC7225E37A5D00C864EC /* iOSTutorial */,
			);
		};
/* End PBXProject section */

/* Begin PBXResourcesBuildPhase section */
		69B7AC7125E37A5D00C864EC /* Resources */ = {
			isa = PBXResourcesBuildPhase;
			buildActionMask = 2147483647;
			files = (
				69E2A58925F5F3F500F576E6 /* MittiDiKhushboo.mp3 in Resources */,
				69B7AC8125E37A5E00C864EC /* LaunchScreen.storyboard in Resources */,
				69B7AC7E25E37A5E00C864EC /* Assets.xcassets in Resources */,
				69B7AC7C25E37A5D00C864EC /* Main.storyboard in Resources */,
			);
			runOnlyForDeploymentPostprocessing = 0;
		};
/* End PBXResourcesBuildPhase section */

/* Begin PBXShellScriptBuildPhase section */
		88A14F1BF82973C81C02B1F0 /* [CP] Check Pods Manifest.lock */ = {
			isa = PBXShellScriptBuildPhase;
			buildActionMask = 2147483647;
			files = (
			);
			inputFileListPaths = (
			);
			inputPaths = (
				"${PODS_PODFILE_DIR_PATH}/Podfile.lock",
				"${PODS_ROOT}/Manifest.lock",
			);
			name = "[CP] Check Pods Manifest.lock";
			outputFileListPaths = (
			);
			outputPaths = (
				"$(DERIVED_FILE_DIR)/Pods-iOSTutorial-checkManifestLockResult.txt",
			);
			runOnlyForDeploymentPostprocessing = 0;
			shellPath = /bin/sh;
			shellScript = "diff \"${PODS_PODFILE_DIR_PATH}/Podfile.lock\" \"${PODS_ROOT}/Manifest.lock\" > /dev/null\nif [ $? != 0 ] ; then\n    # print error to STDERR\n    echo \"error: The sandbox is not in sync with the Podfile.lock. Run 'pod install' or update your CocoaPods installation.\" >&2\n    exit 1\nfi\n# This output is used by Xcode 'outputs' to avoid re-running this script phase.\necho \"SUCCESS\" > \"${SCRIPT_OUTPUT_FILE_0}\"\n";
			showEnvVarsInLog = 0;
		};
		EB74729941F0D4AC2DF1F676 /* [CP] Embed Pods Frameworks */ = {
			isa = PBXShellScriptBuildPhase;
			buildActionMask = 2147483647;
			files = (
			);
			inputFileListPaths = (
				"${PODS_ROOT}/Target Support Files/Pods-iOSTutorial/Pods-iOSTutorial-frameworks-${CONFIGURATION}-input-files.xcfilelist",
			);
			name = "[CP] Embed Pods Frameworks";
			outputFileListPaths = (
				"${PODS_ROOT}/Target Support Files/Pods-iOSTutorial/Pods-iOSTutorial-frameworks-${CONFIGURATION}-output-files.xcfilelist",
			);
			runOnlyForDeploymentPostprocessing = 0;
			shellPath = /bin/sh;
			shellScript = "\"${PODS_ROOT}/Target Support Files/Pods-iOSTutorial/Pods-iOSTutorial-frameworks.sh\"\n";
			showEnvVarsInLog = 0;
		};
/* End PBXShellScriptBuildPhase section */

/* Begin PBXSourcesBuildPhase section */
		69B7AC6F25E37A5D00C864EC /* Sources */ = {
			isa = PBXSourcesBuildPhase;
			buildActionMask = 2147483647;
			files = (
				69B7AC7925E37A5D00C864EC /* ViewController.swift in Sources */,
				69F6B71525E38191003A5FFA /* SecondViewController.swift in Sources */,
				69F6B71725E3841B003A5FFA /* ThirdViewController.swift in Sources */,
				69E2A58725F5F27800F576E6 /* AudioVideoViewController.swift in Sources */,
				69C1130525E8CCBA00E9CA9B /* CoreDataViewController.swift in Sources */,
				69DF06D725E76F3A003690B8 /* FifthViewController.swift in Sources */,
				69B0929525ECBF8300FCEDBD /* UtilExtension.swift in Sources */,
				69DF06CD25E630D9003690B8 /* FourthViewController.swift in Sources */,
				69DF06CB25E62C82003690B8 /* Util.swift in Sources */,
				69F6B72325E4CF5B003A5FFA /* Person2.swift in Sources */,
				69DF06CF25E6311D003690B8 /* CustomGridCell.swift in Sources */,
				69E2A57B25F2048700F576E6 /* MapsViewController.swift in Sources */,
				69DF06D925E77636003690B8 /* User.swift in Sources */,
				69B0929725ECC3D800FCEDBD /* AutoViewController.swift in Sources */,
				69C1130325E8C9F800E9CA9B /* iOSTutorial.xcdatamodeld in Sources */,
				69B7AC7725E37A5D00C864EC /* AppDelegate.swift in Sources */,
				69F6B72725E4D4A5003A5FFA /* DelegateDemo.swift in Sources */,
				69DF06C925E6255F003690B8 /* CustomTableCell.swift in Sources */,
			);
			runOnlyForDeploymentPostprocessing = 0;
		};
/* End PBXSourcesBuildPhase section */

/* Begin PBXVariantGroup section */
		69B7AC7A25E37A5D00C864EC /* Main.storyboard */ = {
			isa = PBXVariantGroup;
			children = (
				69B7AC7B25E37A5D00C864EC /* Base */,
			);
			name = Main.storyboard;
			sourceTree = "<group>";
		};
		69B7AC7F25E37A5E00C864EC /* LaunchScreen.storyboard */ = {
			isa = PBXVariantGroup;
			children = (
				69B7AC8025E37A5E00C864EC /* Base */,
			);
			name = LaunchScreen.storyboard;
			sourceTree = "<group>";
		};
/* End PBXVariantGroup section */

/* Begin XCBuildConfiguration section */
		69B7AC8325E37A5E00C864EC /* Debug */ = {
			isa = XCBuildConfiguration;
			buildSettings = {
				ALWAYS_SEARCH_USER_PATHS = NO;
				CLANG_ANALYZER_NONNULL = YES;
				CLANG_ANALYZER_NUMBER_OBJECT_CONVERSION = YES_AGGRESSIVE;
				CLANG_CXX_LANGUAGE_STANDARD = "gnu++14";
				CLANG_CXX_LIBRARY = "libc++";
				CLANG_ENABLE_MODULES = YES;
				CLANG_ENABLE_OBJC_ARC = YES;
				CLANG_ENABLE_OBJC_WEAK = YES;
				CLANG_WARN_BLOCK_CAPTURE_AUTORELEASING = YES;
				CLANG_WARN_BOOL_CONVERSION = YES;
				CLANG_WARN_COMMA = YES;
				CLANG_WARN_CONSTANT_CONVERSION = YES;
				CLANG_WARN_DEPRECATED_OBJC_IMPLEMENTATIONS = YES;
				CLANG_WARN_DIRECT_OBJC_ISA_USAGE = YES_ERROR;
				CLANG_WARN_DOCUMENTATION_COMMENTS = YES;
				CLANG_WARN_EMPTY_BODY = YES;
				CLANG_WARN_ENUM_CONVERSION = YES;
				CLANG_WARN_INFINITE_RECURSION = YES;
				CLANG_WARN_INT_CONVERSION = YES;
				CLANG_WARN_NON_LITERAL_NULL_CONVERSION = YES;
				CLANG_WARN_OBJC_IMPLICIT_RETAIN_SELF = YES;
				CLANG_WARN_OBJC_LITERAL_CONVERSION = YES;
				CLANG_WARN_OBJC_ROOT_CLASS = YES_ERROR;
				CLANG_WARN_RANGE_LOOP_ANALYSIS = YES;
				CLANG_WARN_STRICT_PROTOTYPES = YES;
				CLANG_WARN_SUSPICIOUS_MOVE = YES;
				CLANG_WARN_UNGUARDED_AVAILABILITY = YES_AGGRESSIVE;
				CLANG_WARN_UNREACHABLE_CODE = YES;
				CLANG_WARN__DUPLICATE_METHOD_MATCH = YES;
				CODE_SIGN_IDENTITY = "iPhone Developer";
				COPY_PHASE_STRIP = NO;
				DEBUG_INFORMATION_FORMAT = dwarf;
				ENABLE_STRICT_OBJC_MSGSEND = YES;
				ENABLE_TESTABILITY = YES;
				GCC_C_LANGUAGE_STANDARD = gnu11;
				GCC_DYNAMIC_NO_PIC = NO;
				GCC_NO_COMMON_BLOCKS = YES;
				GCC_OPTIMIZATION_LEVEL = 0;
				GCC_PREPROCESSOR_DEFINITIONS = (
					"DEBUG=1",
					"$(inherited)",
				);
				GCC_WARN_64_TO_32_BIT_CONVERSION = YES;
				GCC_WARN_ABOUT_RETURN_TYPE = YES_ERROR;
				GCC_WARN_UNDECLARED_SELECTOR = YES;
				GCC_WARN_UNINITIALIZED_AUTOS = YES_AGGRESSIVE;
				GCC_WARN_UNUSED_FUNCTION = YES;
				GCC_WARN_UNUSED_VARIABLE = YES;
				IPHONEOS_DEPLOYMENT_TARGET = 12.1;
				MTL_ENABLE_DEBUG_INFO = INCLUDE_SOURCE;
				MTL_FAST_MATH = YES;
				ONLY_ACTIVE_ARCH = YES;
				SDKROOT = iphoneos;
				SWIFT_ACTIVE_COMPILATION_CONDITIONS = DEBUG;
				SWIFT_OPTIMIZATION_LEVEL = "-Onone";
			};
			name = Debug;
		};
		69B7AC8425E37A5E00C864EC /* Release */ = {
			isa = XCBuildConfiguration;
			buildSettings = {
				ALWAYS_SEARCH_USER_PATHS = NO;
				CLANG_ANALYZER_NONNULL = YES;
				CLANG_ANALYZER_NUMBER_OBJECT_CONVERSION = YES_AGGRESSIVE;
				CLANG_CXX_LANGUAGE_STANDARD = "gnu++14";
				CLANG_CXX_LIBRARY = "libc++";
				CLANG_ENABLE_MODULES = YES;
				CLANG_ENABLE_OBJC_ARC = YES;
				CLANG_ENABLE_OBJC_WEAK = YES;
				CLANG_WARN_BLOCK_CAPTURE_AUTORELEASING = YES;
				CLANG_WARN_BOOL_CONVERSION = YES;
				CLANG_WARN_COMMA = YES;
				CLANG_WARN_CONSTANT_CONVERSION = YES;
				CLANG_WARN_DEPRECATED_OBJC_IMPLEMENTATIONS = YES;
				CLANG_WARN_DIRECT_OBJC_ISA_USAGE = YES_ERROR;
				CLANG_WARN_DOCUMENTATION_COMMENTS = YES;
				CLANG_WARN_EMPTY_BODY = YES;
				CLANG_WARN_ENUM_CONVERSION = YES;
				CLANG_WARN_INFINITE_RECURSION = YES;
				CLANG_WARN_INT_CONVERSION = YES;
				CLANG_WARN_NON_LITERAL_NULL_CONVERSION = YES;
				CLANG_WARN_OBJC_IMPLICIT_RETAIN_SELF = YES;
				CLANG_WARN_OBJC_LITERAL_CONVERSION = YES;
				CLANG_WARN_OBJC_ROOT_CLASS = YES_ERROR;
				CLANG_WARN_RANGE_LOOP_ANALYSIS = YES;
				CLANG_WARN_STRICT_PROTOTYPES = YES;
				CLANG_WARN_SUSPICIOUS_MOVE = YES;
				CLANG_WARN_UNGUARDED_AVAILABILITY = YES_AGGRESSIVE;
				CLANG_WARN_UNREACHABLE_CODE = YES;
				CLANG_WARN__DUPLICATE_METHOD_MATCH = YES;
				CODE_SIGN_IDENTITY = "iPhone Developer";
				COPY_PHASE_STRIP = NO;
				DEBUG_INFORMATION_FORMAT = "dwarf-with-dsym";
				ENABLE_NS_ASSERTIONS = NO;
				ENABLE_STRICT_OBJC_MSGSEND = YES;
				GCC_C_LANGUAGE_STANDARD = gnu11;
				GCC_NO_COMMON_BLOCKS = YES;
				GCC_WARN_64_TO_32_BIT_CONVERSION = YES;
				GCC_WARN_ABOUT_RETURN_TYPE = YES_ERROR;
				GCC_WARN_UNDECLARED_SELECTOR = YES;
				GCC_WARN_UNINITIALIZED_AUTOS = YES_AGGRESSIVE;
				GCC_WARN_UNUSED_FUNCTION = YES;
				GCC_WARN_UNUSED_VARIABLE = YES;
				IPHONEOS_DEPLOYMENT_TARGET = 12.1;
				MTL_ENABLE_DEBUG_INFO = NO;
				MTL_FAST_MATH = YES;
				SDKROOT = iphoneos;
				SWIFT_COMPILATION_MODE = wholemodule;
				SWIFT_OPTIMIZATION_LEVEL = "-O";
				VALIDATE_PRODUCT = YES;
			};
			name = Release;
		};
		69B7AC8625E37A5E00C864EC /* Debug */ = {
			isa = XCBuildConfiguration;
			baseConfigurationReference = 4E593E98ED1B0A04BA682198 /* Pods-iOSTutorial.debug.xcconfig */;
			buildSettings = {
				ASSETCATALOG_COMPILER_APPICON_NAME = AppIcon;
				CLANG_ENABLE_MODULES = YES;
				CODE_SIGN_ENTITLEMENTS = iOSTutorial/iOSTutorial.entitlements;
				CODE_SIGN_STYLE = Automatic;
				DEVELOPMENT_TEAM = RDA43GQ64T;
				INFOPLIST_FILE = iOSTutorial/Info.plist;
				LD_RUNPATH_SEARCH_PATHS = (
					"$(inherited)",
					"@executable_path/Frameworks",
				);
				PRODUCT_BUNDLE_IDENTIFIER = com.expleo.iOSTutorial;
				PRODUCT_NAME = "$(TARGET_NAME)";
				SWIFT_OPTIMIZATION_LEVEL = "-Onone";
				SWIFT_VERSION = 4.2;
				TARGETED_DEVICE_FAMILY = "1,2";
			};
			name = Debug;
		};
		69B7AC8725E37A5E00C864EC /* Release */ = {
			isa = XCBuildConfiguration;
			baseConfigurationReference = C9A68B32F9682B1222951130 /* Pods-iOSTutorial.release.xcconfig */;
			buildSettings = {
				ASSETCATALOG_COMPILER_APPICON_NAME = AppIcon;
				CLANG_ENABLE_MODULES = YES;
				CODE_SIGN_ENTITLEMENTS = iOSTutorial/iOSTutorial.entitlements;
				CODE_SIGN_STYLE = Automatic;
				DEVELOPMENT_TEAM = RDA43GQ64T;
				INFOPLIST_FILE = iOSTutorial/Info.plist;
				LD_RUNPATH_SEARCH_PATHS = (
					"$(inherited)",
					"@executable_path/Frameworks",
				);
				PRODUCT_BUNDLE_IDENTIFIER = com.expleo.iOSTutorial;
				PRODUCT_NAME = "$(TARGET_NAME)";
				SWIFT_VERSION = 4.2;
				TARGETED_DEVICE_FAMILY = "1,2";
			};
			name = Release;
		};
/* End XCBuildConfiguration section */

/* Begin XCConfigurationList section */
		69B7AC6E25E37A5D00C864EC /* Build configuration list for PBXProject "iOSTutorial" */ = {
			isa = XCConfigurationList;
			buildConfigurations = (
				69B7AC8325E37A5E00C864EC /* Debug */,
				69B7AC8425E37A5E00C864EC /* Release */,
			);
			defaultConfigurationIsVisible = 0;
			defaultConfigurationName = Release;
		};
		69B7AC8525E37A5E00C864EC /* Build configuration list for PBXNativeTarget "iOSTutorial" */ = {
			isa = XCConfigurationList;
			buildConfigurations = (
				69B7AC8625E37A5E00C864EC /* Debug */,
				69B7AC8725E37A5E00C864EC /* Release */,
			);
			defaultConfigurationIsVisible = 0;
			defaultConfigurationName = Release;
		};
/* End XCConfigurationList section */

/* Begin XCVersionGroup section */
		69C1130125E8C9F800E9CA9B /* iOSTutorial.xcdatamodeld */ = {
			isa = XCVersionGroup;
			children = (
				69C1130225E8C9F800E9CA9B /* iOSTutorial.xcdatamodel */,
			);
			currentVersion = 69C1130225E8C9F800E9CA9B /* iOSTutorial.xcdatamodel */;
			path = iOSTutorial.xcdatamodeld;
			sourceTree = "<group>";
			versionGroupType = wrapper.xcdatamodel;
		};
/* End XCVersionGroup section */
	};
	rootObject = 69B7AC6B25E37A5D00C864EC /* Project object */;
}
